
Microsoft Visual Studio Solution File, Format Version 12.00
# Visual Studio Version 17
VisualStudioVersion = 17.1.32210.238
MinimumVisualStudioVersion = 10.0.40219.1
Project("{2150E333-8FDC-42A3-9474-1A3956D46DE8}") = "Services", "Services", "{F5B38F3B-4092-4552-9BE4-0453D3C3DF25}"
EndProject
Project("{2150E333-8FDC-42A3-9474-1A3956D46DE8}") = "Catalog", "Catalog", "{647D785F-2C58-4D31-A563-376F86E3276C}"
EndProject
Project("{9A19103F-16F7-4668-BE54-9A1E7A4F7556}") = "Catalog.API", "Services\Catalog\Catalog.API\Catalog.API.csproj", "{27811C51-C441-4B98-B3CC-A86864178B1F}"
EndProject
Project("{E53339B2-1760-4266-BCC7-CA923CBCF16C}") = "docker-compose", "docker-compose.dcproj", "{355DAC03-701D-4F19-B3FE-0BC2EB9953B1}"
EndProject
Project("{2150E333-8FDC-42A3-9474-1A3956D46DE8}") = "Basket", "Basket", "{390DB211-16DA-4A5B-BFDC-9611AA0DF4B9}"
EndProject
Project("{9A19103F-16F7-4668-BE54-9A1E7A4F7556}") = "Basket.API", "Services\Basket\Basket.API\Basket.API.csproj", "{D1EF904C-9EAE-4709-9BA2-69CA7C61DC8D}"
EndProject
Project("{2150E333-8FDC-42A3-9474-1A3956D46DE8}") = "Discount", "Discount", "{6370A928-062F-4DFC-A8BD-B1A491115BDD}"
EndProject
Project("{9A19103F-16F7-4668-BE54-9A1E7A4F7556}") = "Discount.API", "Services\Discount\Discount.API\Discount.API.csproj", "{239F8CC3-02CB-4205-A301-191CD23A390B}"
EndProject
Project("{9A19103F-16F7-4668-BE54-9A1E7A4F7556}") = "Discount.Grpc", "Services\Discount\Discount.Grpc\Discount.Grpc.csproj", "{5D6C4BBF-B99B-4CB3-AF0D-772D7E5F5650}"
EndProject
Project("{2150E333-8FDC-42A3-9474-1A3956D46DE8}") = "Ordering", "Ordering", "{90727D3B-8C00-4439-8112-7BBEB144AC65}"
EndProject
Project("{FAE04EC0-301F-11D3-BF4B-00C04F79EFBC}") = "Ordering.API", "Services\Ordering\Ordering.API\Ordering.API.csproj", "{B1F15EEE-8DFC-4648-A4C2-BC5BE5FF64E4}"
EndProject
Project("{FAE04EC0-301F-11D3-BF4B-00C04F79EFBC}") = "Ordering.Domain", "Services\Ordering\Ordering.Domain\Ordering.Domain.csproj", "{FF25F84E-994F-45A9-BE30-A2A37C46F9F2}"
EndProject
Project("{FAE04EC0-301F-11D3-BF4B-00C04F79EFBC}") = "Ordering.Application", "Services\Ordering\Ordering.Application\Ordering.Application.csproj", "{4A6B1E1B-E0F2-4F43-BD2A-AEDDEACC62E2}"
EndProject
Project("{FAE04EC0-301F-11D3-BF4B-00C04F79EFBC}") = "Ordering.Infrastructure", "Services\Ordering\Ordering.Infrastructure\Ordering.Infrastructure.csproj", "{27793192-EB02-4783-8BDC-28CD8D4860DE}"
EndProject
Global
	GlobalSection(SolutionConfigurationPlatforms) = preSolution
		Debug|Any CPU = Debug|Any CPU
		Release|Any CPU = Release|Any CPU
	EndGlobalSection
	GlobalSection(ProjectConfigurationPlatforms) = postSolution
		{27811C51-C441-4B98-B3CC-A86864178B1F}.Debug|Any CPU.ActiveCfg = Debug|Any CPU
		{27811C51-C441-4B98-B3CC-A86864178B1F}.Debug|Any CPU.Build.0 = Debug|Any CPU
		{27811C51-C441-4B98-B3CC-A86864178B1F}.Release|Any CPU.ActiveCfg = Release|Any CPU
		{27811C51-C441-4B98-B3CC-A86864178B1F}.Release|Any CPU.Build.0 = Release|Any CPU
		{355DAC03-701D-4F19-B3FE-0BC2EB9953B1}.Debug|Any CPU.ActiveCfg = Debug|Any CPU
		{355DAC03-701D-4F19-B3FE-0BC2EB9953B1}.Debug|Any CPU.Build.0 = Debug|Any CPU
		{355DAC03-701D-4F19-B3FE-0BC2EB9953B1}.Release|Any CPU.ActiveCfg = Release|Any CPU
		{355DAC03-701D-4F19-B3FE-0BC2EB9953B1}.Release|Any CPU.Build.0 = Release|Any CPU
		{D1EF904C-9EAE-4709-9BA2-69CA7C61DC8D}.Debug|Any CPU.ActiveCfg = Debug|Any CPU
		{D1EF904C-9EAE-4709-9BA2-69CA7C61DC8D}.Debug|Any CPU.Build.0 = Debug|Any CPU
		{D1EF904C-9EAE-4709-9BA2-69CA7C61DC8D}.Release|Any CPU.ActiveCfg = Release|Any CPU
		{D1EF904C-9EAE-4709-9BA2-69CA7C61DC8D}.Release|Any CPU.Build.0 = Release|Any CPU
		{239F8CC3-02CB-4205-A301-191CD23A390B}.Debug|Any CPU.ActiveCfg = Debug|Any CPU
		{239F8CC3-02CB-4205-A301-191CD23A390B}.Debug|Any CPU.Build.0 = Debug|Any CPU
		{239F8CC3-02CB-4205-A301-191CD23A390B}.Release|Any CPU.ActiveCfg = Release|Any CPU
		{239F8CC3-02CB-4205-A301-191CD23A390B}.Release|Any CPU.Build.0 = Release|Any CPU
		{5D6C4BBF-B99B-4CB3-AF0D-772D7E5F5650}.Debug|Any CPU.ActiveCfg = Debug|Any CPU
		{5D6C4BBF-B99B-4CB3-AF0D-772D7E5F5650}.Debug|Any CPU.Build.0 = Debug|Any CPU
		{5D6C4BBF-B99B-4CB3-AF0D-772D7E5F5650}.Release|Any CPU.ActiveCfg = Release|Any CPU
		{5D6C4BBF-B99B-4CB3-AF0D-772D7E5F5650}.Release|Any CPU.Build.0 = Release|Any CPU
		{B1F15EEE-8DFC-4648-A4C2-BC5BE5FF64E4}.Debug|Any CPU.ActiveCfg = Debug|Any CPU
		{B1F15EEE-8DFC-4648-A4C2-BC5BE5FF64E4}.Debug|Any CPU.Build.0 = Debug|Any CPU
		{B1F15EEE-8DFC-4648-A4C2-BC5BE5FF64E4}.Release|Any CPU.ActiveCfg = Release|Any CPU
		{B1F15EEE-8DFC-4648-A4C2-BC5BE5FF64E4}.Release|Any CPU.Build.0 = Release|Any CPU
		{FF25F84E-994F-45A9-BE30-A2A37C46F9F2}.Debug|Any CPU.ActiveCfg = Debug|Any CPU
		{FF25F84E-994F-45A9-BE30-A2A37C46F9F2}.Debug|Any CPU.Build.0 = Debug|Any CPU
		{FF25F84E-994F-45A9-BE30-A2A37C46F9F2}.Release|Any CPU.ActiveCfg = Release|Any CPU
		{FF25F84E-994F-45A9-BE30-A2A37C46F9F2}.Release|Any CPU.Build.0 = Release|Any CPU
		{4A6B1E1B-E0F2-4F43-BD2A-AEDDEACC62E2}.Debug|Any CPU.ActiveCfg = Debug|Any CPU
		{4A6B1E1B-E0F2-4F43-BD2A-AEDDEACC62E2}.Debug|Any CPU.Build.0 = Debug|Any CPU
		{4A6B1E1B-E0F2-4F43-BD2A-AEDDEACC62E2}.Release|Any CPU.ActiveCfg = Release|Any CPU
		{4A6B1E1B-E0F2-4F43-BD2A-AEDDEACC62E2}.Release|Any CPU.Build.0 = Release|Any CPU
		{27793192-EB02-4783-8BDC-28CD8D4860DE}.Debug|Any CPU.ActiveCfg = Debug|Any CPU
		{27793192-EB02-4783-8BDC-28CD8D4860DE}.Debug|Any CPU.Build.0 = Debug|Any CPU
		{27793192-EB02-4783-8BDC-28CD8D4860DE}.Release|Any CPU.ActiveCfg = Release|Any CPU
		{27793192-EB02-4783-8BDC-28CD8D4860DE}.Release|Any CPU.Build.0 = Release|Any CPU
	EndGlobalSection
	GlobalSection(SolutionProperties) = preSolution
		HideSolutionNode = FALSE
	EndGlobalSection
	GlobalSection(NestedProjects) = preSolution
		{647D785F-2C58-4D31-A563-376F86E3276C} = {F5B38F3B-4092-4552-9BE4-0453D3C3DF25}
		{27811C51-C441-4B98-B3CC-A86864178B1F} = {647D785F-2C58-4D31-A563-376F86E3276C}
		{390DB211-16DA-4A5B-BFDC-9611AA0DF4B9} = {F5B38F3B-4092-4552-9BE4-0453D3C3DF25}
		{D1EF904C-9EAE-4709-9BA2-69CA7C61DC8D} = {390DB211-16DA-4A5B-BFDC-9611AA0DF4B9}
		{6370A928-062F-4DFC-A8BD-B1A491115BDD} = {F5B38F3B-4092-4552-9BE4-0453D3C3DF25}
		{239F8CC3-02CB-4205-A301-191CD23A390B} = {6370A928-062F-4DFC-A8BD-B1A491115BDD}
		{5D6C4BBF-B99B-4CB3-AF0D-772D7E5F5650} = {6370A928-062F-4DFC-A8BD-B1A491115BDD}
		{90727D3B-8C00-4439-8112-7BBEB144AC65} = {F5B38F3B-4092-4552-9BE4-0453D3C3DF25}
		{B1F15EEE-8DFC-4648-A4C2-BC5BE5FF64E4} = {90727D3B-8C00-4439-8112-7BBEB144AC65}
		{FF25F84E-994F-45A9-BE30-A2A37C46F9F2} = {90727D3B-8C00-4439-8112-7BBEB144AC65}
		{4A6B1E1B-E0F2-4F43-BD2A-AEDDEACC62E2} = {90727D3B-8C00-4439-8112-7BBEB144AC65}
		{27793192-EB02-4783-8BDC-28CD8D4860DE} = {90727D3B-8C00-4439-8112-7BBEB144AC65}
	EndGlobalSection
	GlobalSection(ExtensibilityGlobals) = postSolution
		SolutionGuid = {48917702-7380-44AA-8F3C-DF25A867CF92}
	EndGlobalSection
EndGlobal
