
Microsoft Visual Studio Solution File, Format Version 12.00
# Visual Studio Version 17
VisualStudioVersion = 17.1.32210.238
MinimumVisualStudioVersion = 10.0.40219.1
Project("{2150E333-8FDC-42A3-9474-1A3956D46DE8}") = "Services", "Services", "{F5B38F3B-4092-4552-9BE4-0453D3C3DF25}"
EndProject
Project("{2150E333-8FDC-42A3-9474-1A3956D46DE8}") = "Catalog", "Catalog", "{647D785F-2C58-4D31-A563-376F86E3276C}"
EndProject
Project("{9A19103F-16F7-4668-BE54-9A1E7A4F7556}") = "Catalog.API", "Services\Catalog\Catalog.API\Catalog.API.csproj", "{27811C51-C441-4B98-B3CC-A86864178B1F}"
EndProject
Project("{E53339B2-1760-4266-BCC7-CA923CBCF16C}") = "docker-compose", "docker-compose.dcproj", "{355DAC03-701D-4F19-B3FE-0BC2EB9953B1}"
EndProject
Project("{2150E333-8FDC-42A3-9474-1A3956D46DE8}") = "Basket", "Basket", "{390DB211-16DA-4A5B-BFDC-9611AA0DF4B9}"
EndProject
Project("{FAE04EC0-301F-11D3-BF4B-00C04F79EFBC}") = "Basket.API", "Services\Basket\Basket.API\Basket.API.csproj", "{D1EF904C-9EAE-4709-9BA2-69CA7C61DC8D}"
EndProject
Project("{2150E333-8FDC-42A3-9474-1A3956D46DE8}") = "Discount", "Discount", "{6370A928-062F-4DFC-A8BD-B1A491115BDD}"
EndProject
Project("{FAE04EC0-301F-11D3-BF4B-00C04F79EFBC}") = "Discount.API", "Services\Discount\Discount.API\Discount.API.csproj", "{239F8CC3-02CB-4205-A301-191CD23A390B}"
EndProject
Global
	GlobalSection(SolutionConfigurationPlatforms) = preSolution
		Debug|Any CPU = Debug|Any CPU
		Release|Any CPU = Release|Any CPU
	EndGlobalSection
	GlobalSection(ProjectConfigurationPlatforms) = postSolution
		{27811C51-C441-4B98-B3CC-A86864178B1F}.Debug|Any CPU.ActiveCfg = Debug|Any CPU
		{27811C51-C441-4B98-B3CC-A86864178B1F}.Debug|Any CPU.Build.0 = Debug|Any CPU
		{27811C51-C441-4B98-B3CC-A86864178B1F}.Release|Any CPU.ActiveCfg = Release|Any CPU
		{27811C51-C441-4B98-B3CC-A86864178B1F}.Release|Any CPU.Build.0 = Release|Any CPU
		{355DAC03-701D-4F19-B3FE-0BC2EB9953B1}.Debug|Any CPU.ActiveCfg = Debug|Any CPU
		{355DAC03-701D-4F19-B3FE-0BC2EB9953B1}.Debug|Any CPU.Build.0 = Debug|Any CPU
		{355DAC03-701D-4F19-B3FE-0BC2EB9953B1}.Release|Any CPU.ActiveCfg = Release|Any CPU
		{355DAC03-701D-4F19-B3FE-0BC2EB9953B1}.Release|Any CPU.Build.0 = Release|Any CPU
		{D1EF904C-9EAE-4709-9BA2-69CA7C61DC8D}.Debug|Any CPU.ActiveCfg = Debug|Any CPU
		{D1EF904C-9EAE-4709-9BA2-69CA7C61DC8D}.Debug|Any CPU.Build.0 = Debug|Any CPU
		{D1EF904C-9EAE-4709-9BA2-69CA7C61DC8D}.Release|Any CPU.ActiveCfg = Release|Any CPU
		{D1EF904C-9EAE-4709-9BA2-69CA7C61DC8D}.Release|Any CPU.Build.0 = Release|Any CPU
		{239F8CC3-02CB-4205-A301-191CD23A390B}.Debug|Any CPU.ActiveCfg = Debug|Any CPU
		{239F8CC3-02CB-4205-A301-191CD23A390B}.Debug|Any CPU.Build.0 = Debug|Any CPU
		{239F8CC3-02CB-4205-A301-191CD23A390B}.Release|Any CPU.ActiveCfg = Release|Any CPU
		{239F8CC3-02CB-4205-A301-191CD23A390B}.Release|Any CPU.Build.0 = Release|Any CPU
	EndGlobalSection
	GlobalSection(SolutionProperties) = preSolution
		HideSolutionNode = FALSE
	EndGlobalSection
	GlobalSection(NestedProjects) = preSolution
		{647D785F-2C58-4D31-A563-376F86E3276C} = {F5B38F3B-4092-4552-9BE4-0453D3C3DF25}
		{27811C51-C441-4B98-B3CC-A86864178B1F} = {647D785F-2C58-4D31-A563-376F86E3276C}
		{390DB211-16DA-4A5B-BFDC-9611AA0DF4B9} = {F5B38F3B-4092-4552-9BE4-0453D3C3DF25}
		{D1EF904C-9EAE-4709-9BA2-69CA7C61DC8D} = {390DB211-16DA-4A5B-BFDC-9611AA0DF4B9}
		{6370A928-062F-4DFC-A8BD-B1A491115BDD} = {F5B38F3B-4092-4552-9BE4-0453D3C3DF25}
		{239F8CC3-02CB-4205-A301-191CD23A390B} = {6370A928-062F-4DFC-A8BD-B1A491115BDD}
	EndGlobalSection
	GlobalSection(ExtensibilityGlobals) = postSolution
		SolutionGuid = {48917702-7380-44AA-8F3C-DF25A867CF92}
	EndGlobalSection
EndGlobal
